
Microsoft Visual Studio Solution File, Format Version 12.00
# Visual Studio 15
VisualStudioVersion = 15.0.27703.2018
MinimumVisualStudioVersion = 10.0.40219.1
Project("{FAE04EC0-301F-11D3-BF4B-00C04F79EFBC}") = "SampleBackend.BusinessLayer", "SampleBackend.BusinessLayer\SampleBackend.BusinessLayer.csproj", "{E6C279A2-CFF8-4DC6-829E-2436E02328B7}"
	ProjectSection(ProjectDependencies) = postProject
		{BA29CD97-BC77-4997-BDCD-7F4C8AF1AD6A} = {BA29CD97-BC77-4997-BDCD-7F4C8AF1AD6A}
	EndProjectSection
EndProject
Project("{FAE04EC0-301F-11D3-BF4B-00C04F79EFBC}") = "FlightRouteServiceWCF", "FlightRouteService\FlightRouteServiceWCF.csproj", "{BA29CD97-BC77-4997-BDCD-7F4C8AF1AD6A}"
EndProject
Project("{FAE04EC0-301F-11D3-BF4B-00C04F79EFBC}") = "SampleBackend.Console", "SampleBackend.Console\SampleBackend.Console.csproj", "{081BB7B8-C9A3-4A40-9451-F49DFB9DBEF3}"
EndProject
Project("{FAE04EC0-301F-11D3-BF4B-00C04F79EFBC}") = "SampleBackend.DataLayer", "SampleBackend.DataLayer\SampleBackend.DataLayer.csproj", "{63687B95-3AA9-4D5A-81E5-3FCC5B9D04AA}"
EndProject
Global
	GlobalSection(SolutionConfigurationPlatforms) = preSolution
		Debug|Any CPU = Debug|Any CPU
		Release|Any CPU = Release|Any CPU
	EndGlobalSection
	GlobalSection(ProjectConfigurationPlatforms) = postSolution
		{E6C279A2-CFF8-4DC6-829E-2436E02328B7}.Debug|Any CPU.ActiveCfg = Debug|Any CPU
		{E6C279A2-CFF8-4DC6-829E-2436E02328B7}.Debug|Any CPU.Build.0 = Debug|Any CPU
		{E6C279A2-CFF8-4DC6-829E-2436E02328B7}.Release|Any CPU.ActiveCfg = Release|Any CPU
		{E6C279A2-CFF8-4DC6-829E-2436E02328B7}.Release|Any CPU.Build.0 = Release|Any CPU
		{BA29CD97-BC77-4997-BDCD-7F4C8AF1AD6A}.Debug|Any CPU.ActiveCfg = Debug|Any CPU
		{BA29CD97-BC77-4997-BDCD-7F4C8AF1AD6A}.Debug|Any CPU.Build.0 = Debug|Any CPU
		{BA29CD97-BC77-4997-BDCD-7F4C8AF1AD6A}.Release|Any CPU.ActiveCfg = Release|Any CPU
		{BA29CD97-BC77-4997-BDCD-7F4C8AF1AD6A}.Release|Any CPU.Build.0 = Release|Any CPU
		{081BB7B8-C9A3-4A40-9451-F49DFB9DBEF3}.Debug|Any CPU.ActiveCfg = Debug|Any CPU
		{081BB7B8-C9A3-4A40-9451-F49DFB9DBEF3}.Debug|Any CPU.Build.0 = Debug|Any CPU
		{081BB7B8-C9A3-4A40-9451-F49DFB9DBEF3}.Release|Any CPU.ActiveCfg = Release|Any CPU
		{081BB7B8-C9A3-4A40-9451-F49DFB9DBEF3}.Release|Any CPU.Build.0 = Release|Any CPU
		{63687B95-3AA9-4D5A-81E5-3FCC5B9D04AA}.Debug|Any CPU.ActiveCfg = Debug|Any CPU
		{63687B95-3AA9-4D5A-81E5-3FCC5B9D04AA}.Debug|Any CPU.Build.0 = Debug|Any CPU
		{63687B95-3AA9-4D5A-81E5-3FCC5B9D04AA}.Release|Any CPU.ActiveCfg = Release|Any CPU
		{63687B95-3AA9-4D5A-81E5-3FCC5B9D04AA}.Release|Any CPU.Build.0 = Release|Any CPU
	EndGlobalSection
	GlobalSection(SolutionProperties) = preSolution
		HideSolutionNode = FALSE
	EndGlobalSection
	GlobalSection(ExtensibilityGlobals) = postSolution
		SolutionGuid = {281B9AEB-A213-452C-A60A-427C5F1CD9C8}
	EndGlobalSection
EndGlobal
